
Microsoft Visual Studio Solution File, Format Version 12.00
# Visual Studio Version 17
VisualStudioVersion = 17.0.31912.275
MinimumVisualStudioVersion = 10.0.40219.1
Project("{FAE04EC0-301F-11D3-BF4B-00C04F79EFBC}") = "2.16.2", "2.16.2\2.16.2.csproj", "{67EEA7D2-AA1F-4BD6-ABEF-60D6AEE29322}"
EndProject
Global
	GlobalSection(SolutionConfigurationPlatforms) = preSolution
		Debug|Any CPU = Debug|Any CPU
		Release|Any CPU = Release|Any CPU
	EndGlobalSection
	GlobalSection(ProjectConfigurationPlatforms) = postSolution
		{67EEA7D2-AA1F-4BD6-ABEF-60D6AEE29322}.Debug|Any CPU.ActiveCfg = Debug|Any CPU
		{67EEA7D2-AA1F-4BD6-ABEF-60D6AEE29322}.Debug|Any CPU.Build.0 = Debug|Any CPU
		{67EEA7D2-AA1F-4BD6-ABEF-60D6AEE29322}.Release|Any CPU.ActiveCfg = Release|Any CPU
		{67EEA7D2-AA1F-4BD6-ABEF-60D6AEE29322}.Release|Any CPU.Build.0 = Release|Any CPU
	EndGlobalSection
	GlobalSection(SolutionProperties) = preSolution
		HideSolutionNode = FALSE
	EndGlobalSection
	GlobalSection(ExtensibilityGlobals) = postSolution
		SolutionGuid = {4E921129-1489-4B21-B2A7-6100BA00118A}
	EndGlobalSection
EndGlobal
